// !$*UTF8*$!
{
	archiveVersion = 1;
	classes = {
	};
	objectVersion = 46;
	objects = {

/* Begin PBXBuildFile section */
		E488598F1DD984EF00811344 /* main.m in Sources */ = {isa = PBXBuildFile; fileRef = E488598E1DD984EF00811344 /* main.m */; };
		E48859921DD984EF00811344 /* AppDelegate.m in Sources */ = {isa = PBXBuildFile; fileRef = E48859911DD984EF00811344 /* AppDelegate.m */; };
		E48859951DD984EF00811344 /* ViewController.m in Sources */ = {isa = PBXBuildFile; fileRef = E48859941DD984EF00811344 /* ViewController.m */; };
		E48859981DD984EF00811344 /* Main.storyboard in Resources */ = {isa = PBXBuildFile; fileRef = E48859961DD984EF00811344 /* Main.storyboard */; };
		E488599A1DD984EF00811344 /* Assets.xcassets in Resources */ = {isa = PBXBuildFile; fileRef = E48859991DD984EF00811344 /* Assets.xcassets */; };
		E488599D1DD984EF00811344 /* LaunchScreen.storyboard in Resources */ = {isa = PBXBuildFile; fileRef = E488599B1DD984EF00811344 /* LaunchScreen.storyboard */; };
		E48859A81DD984EF00811344 /* ____Tests.m in Sources */ = {isa = PBXBuildFile; fileRef = E48859A71DD984EF00811344 /* ____Tests.m */; };
		E48859B31DD984EF00811344 /* ____UITests.m in Sources */ = {isa = PBXBuildFile; fileRef = E48859B21DD984EF00811344 /* ____UITests.m */; };
		E48859C21DD9861E00811344 /* ImageCollectionCell.m in Sources */ = {isa = PBXBuildFile; fileRef = E48859C11DD9861E00811344 /* ImageCollectionCell.m */; };
		E48859C51DD99E6A00811344 /* FlowLayout.m in Sources */ = {isa = PBXBuildFile; fileRef = E48859C41DD99E6A00811344 /* FlowLayout.m */; };
/* End PBXBuildFile section */

/* Begin PBXContainerItemProxy section */
		E48859A41DD984EF00811344 /* PBXContainerItemProxy */ = {
			isa = PBXContainerItemProxy;
			containerPortal = E48859821DD984EE00811344 /* Project object */;
			proxyType = 1;
			remoteGlobalIDString = E48859891DD984EF00811344;
			remoteInfo = "流水相册";
		};
		E48859AF1DD984EF00811344 /* PBXContainerItemProxy */ = {
			isa = PBXContainerItemProxy;
			containerPortal = E48859821DD984EE00811344 /* Project object */;
			proxyType = 1;
			remoteGlobalIDString = E48859891DD984EF00811344;
			remoteInfo = "流水相册";
		};
/* End PBXContainerItemProxy section */

/* Begin PBXFileReference section */
		E488598A1DD984EF00811344 /* 流水相册.app */ = {isa = PBXFileReference; explicitFileType = wrapper.application; includeInIndex = 0; path = "流水相册.app"; sourceTree = BUILT_PRODUCTS_DIR; };
		E488598E1DD984EF00811344 /* main.m */ = {isa = PBXFileReference; lastKnownFileType = sourcecode.c.objc; path = main.m; sourceTree = "<group>"; };
		E48859901DD984EF00811344 /* AppDelegate.h */ = {isa = PBXFileReference; lastKnownFileType = sourcecode.c.h; path = AppDelegate.h; sourceTree = "<group>"; };
		E48859911DD984EF00811344 /* AppDelegate.m */ = {isa = PBXFileReference; lastKnownFileType = sourcecode.c.objc; path = AppDelegate.m; sourceTree = "<group>"; };
		E48859931DD984EF00811344 /* ViewController.h */ = {isa = PBXFileReference; lastKnownFileType = sourcecode.c.h; path = ViewController.h; sourceTree = "<group>"; };
		E48859941DD984EF00811344 /* ViewController.m */ = {isa = PBXFileReference; lastKnownFileType = sourcecode.c.objc; path = ViewController.m; sourceTree = "<group>"; };
		E48859971DD984EF00811344 /* Base */ = {isa = PBXFileReference; lastKnownFileType = file.storyboard; name = Base; path = Base.lproj/Main.storyboard; sourceTree = "<group>"; };
		E48859991DD984EF00811344 /* Assets.xcassets */ = {isa = PBXFileReference; lastKnownFileType = folder.assetcatalog; path = Assets.xcassets; sourceTree = "<group>"; };
		E488599C1DD984EF00811344 /* Base */ = {isa = PBXFileReference; lastKnownFileType = file.storyboard; name = Base; path = Base.lproj/LaunchScreen.storyboard; sourceTree = "<group>"; };
		E488599E1DD984EF00811344 /* Info.plist */ = {isa = PBXFileReference; lastKnownFileType = text.plist.xml; path = Info.plist; sourceTree = "<group>"; };
		E48859A31DD984EF00811344 /* 流水相册Tests.xctest */ = {isa = PBXFileReference; explicitFileType = wrapper.cfbundle; includeInIndex = 0; path = "流水相册Tests.xctest"; sourceTree = BUILT_PRODUCTS_DIR; };
		E48859A71DD984EF00811344 /* ____Tests.m */ = {isa = PBXFileReference; lastKnownFileType = sourcecode.c.objc; path = "____Tests.m"; sourceTree = "<group>"; };
		E48859A91DD984EF00811344 /* Info.plist */ = {isa = PBXFileReference; lastKnownFileType = text.plist.xml; path = Info.plist; sourceTree = "<group>"; };
		E48859AE1DD984EF00811344 /* 流水相册UITests.xctest */ = {isa = PBXFileReference; explicitFileType = wrapper.cfbundle; includeInIndex = 0; path = "流水相册UITests.xctest"; sourceTree = BUILT_PRODUCTS_DIR; };
		E48859B21DD984EF00811344 /* ____UITests.m */ = {isa = PBXFileReference; lastKnownFileType = sourcecode.c.objc; path = "____UITests.m"; sourceTree = "<group>"; };
		E48859B41DD984EF00811344 /* Info.plist */ = {isa = PBXFileReference; lastKnownFileType = text.plist.xml; path = Info.plist; sourceTree = "<group>"; };
		E48859C01DD9861E00811344 /* ImageCollectionCell.h */ = {isa = PBXFileReference; fileEncoding = 4; lastKnownFileType = sourcecode.c.h; path = ImageCollectionCell.h; sourceTree = "<group>"; };
		E48859C11DD9861E00811344 /* ImageCollectionCell.m */ = {isa = PBXFileReference; fileEncoding = 4; lastKnownFileType = sourcecode.c.objc; path = ImageCollectionCell.m; sourceTree = "<group>"; };
		E48859C31DD99E6A00811344 /* FlowLayout.h */ = {isa = PBXFileReference; fileEncoding = 4; lastKnownFileType = sourcecode.c.h; path = FlowLayout.h; sourceTree = "<group>"; };
		E48859C41DD99E6A00811344 /* FlowLayout.m */ = {isa = PBXFileReference; fileEncoding = 4; lastKnownFileType = sourcecode.c.objc; path = FlowLayout.m; sourceTree = "<group>"; };
/* End PBXFileReference section */

/* Begin PBXFrameworksBuildPhase section */
		E48859871DD984EF00811344 /* Frameworks */ = {
			isa = PBXFrameworksBuildPhase;
			buildActionMask = 2147483647;
			files = (
			);
			runOnlyForDeploymentPostprocessing = 0;
		};
		E48859A01DD984EF00811344 /* Frameworks */ = {
			isa = PBXFrameworksBuildPhase;
			buildActionMask = 2147483647;
			files = (
			);
			runOnlyForDeploymentPostprocessing = 0;
		};
		E48859AB1DD984EF00811344 /* Frameworks */ = {
			isa = PBXFrameworksBuildPhase;
			buildActionMask = 2147483647;
			files = (
			);
			runOnlyForDeploymentPostprocessing = 0;
		};
/* End PBXFrameworksBuildPhase section */

/* Begin PBXGroup section */
		E48859811DD984EE00811344 = {
			isa = PBXGroup;
			children = (
				E488598C1DD984EF00811344 /* 流水相册 */,
				E48859A61DD984EF00811344 /* 流水相册Tests */,
				E48859B11DD984EF00811344 /* 流水相册UITests */,
				E488598B1DD984EF00811344 /* Products */,
			);
			sourceTree = "<group>";
		};
		E488598B1DD984EF00811344 /* Products */ = {
			isa = PBXGroup;
			children = (
				E488598A1DD984EF00811344 /* 流水相册.app */,
				E48859A31DD984EF00811344 /* 流水相册Tests.xctest */,
				E48859AE1DD984EF00811344 /* 流水相册UITests.xctest */,
			);
			name = Products;
			sourceTree = "<group>";
		};
		E488598C1DD984EF00811344 /* 流水相册 */ = {
			isa = PBXGroup;
			children = (
				E48859901DD984EF00811344 /* AppDelegate.h */,
				E48859911DD984EF00811344 /* AppDelegate.m */,
				E48859931DD984EF00811344 /* ViewController.h */,
				E48859941DD984EF00811344 /* ViewController.m */,
				E48859C01DD9861E00811344 /* ImageCollectionCell.h */,
				E48859C11DD9861E00811344 /* ImageCollectionCell.m */,
				E48859C31DD99E6A00811344 /* FlowLayout.h */,
				E48859C41DD99E6A00811344 /* FlowLayout.m */,
				E48859961DD984EF00811344 /* Main.storyboard */,
				E48859991DD984EF00811344 /* Assets.xcassets */,
				E488599B1DD984EF00811344 /* LaunchScreen.storyboard */,
				E488599E1DD984EF00811344 /* Info.plist */,
				E488598D1DD984EF00811344 /* Supporting Files */,
			);
			path = "流水相册";
			sourceTree = "<group>";
		};
		E488598D1DD984EF00811344 /* Supporting Files */ = {
			isa = PBXGroup;
			children = (
				E488598E1DD984EF00811344 /* main.m */,
			);
			name = "Supporting Files";
			sourceTree = "<group>";
		};
		E48859A61DD984EF00811344 /* 流水相册Tests */ = {
			isa = PBXGroup;
			children = (
				E48859A71DD984EF00811344 /* ____Tests.m */,
				E48859A91DD984EF00811344 /* Info.plist */,
			);
			path = "流水相册Tests";
			sourceTree = "<group>";
		};
		E48859B11DD984EF00811344 /* 流水相册UITests */ = {
			isa = PBXGroup;
			children = (
				E48859B21DD984EF00811344 /* ____UITests.m */,
				E48859B41DD984EF00811344 /* Info.plist */,
			);
			path = "流水相册UITests";
			sourceTree = "<group>";
		};
/* End PBXGroup section */

/* Begin PBXNativeTarget section */
		E48859891DD984EF00811344 /* 流水相册 */ = {
			isa = PBXNativeTarget;
			buildConfigurationList = E48859B71DD984EF00811344 /* Build configuration list for PBXNativeTarget "流水相册" */;
			buildPhases = (
				E48859861DD984EF00811344 /* Sources */,
				E48859871DD984EF00811344 /* Frameworks */,
				E48859881DD984EF00811344 /* Resources */,
			);
			buildRules = (
			);
			dependencies = (
			);
			name = "流水相册";
			productName = "流水相册";
			productReference = E488598A1DD984EF00811344 /* 流水相册.app */;
			productType = "com.apple.product-type.application";
		};
		E48859A21DD984EF00811344 /* 流水相册Tests */ = {
			isa = PBXNativeTarget;
			buildConfigurationList = E48859BA1DD984EF00811344 /* Build configuration list for PBXNativeTarget "流水相册Tests" */;
			buildPhases = (
				E488599F1DD984EF00811344 /* Sources */,
				E48859A01DD984EF00811344 /* Frameworks */,
				E48859A11DD984EF00811344 /* Resources */,
			);
			buildRules = (
			);
			dependencies = (
				E48859A51DD984EF00811344 /* PBXTargetDependency */,
			);
			name = "流水相册Tests";
			productName = "流水相册Tests";
			productReference = E48859A31DD984EF00811344 /* 流水相册Tests.xctest */;
			productType = "com.apple.product-type.bundle.unit-test";
		};
		E48859AD1DD984EF00811344 /* 流水相册UITests */ = {
			isa = PBXNativeTarget;
			buildConfigurationList = E48859BD1DD984EF00811344 /* Build configuration list for PBXNativeTarget "流水相册UITests" */;
			buildPhases = (
				E48859AA1DD984EF00811344 /* Sources */,
				E48859AB1DD984EF00811344 /* Frameworks */,
				E48859AC1DD984EF00811344 /* Resources */,
			);
			buildRules = (
			);
			dependencies = (
				E48859B01DD984EF00811344 /* PBXTargetDependency */,
			);
			name = "流水相册UITests";
			productName = "流水相册UITests";
			productReference = E48859AE1DD984EF00811344 /* 流水相册UITests.xctest */;
			productType = "com.apple.product-type.bundle.ui-testing";
		};
/* End PBXNativeTarget section */

/* Begin PBXProject section */
		E48859821DD984EE00811344 /* Project object */ = {
			isa = PBXProject;
			attributes = {
				LastUpgradeCheck = 0810;
				ORGANIZATIONNAME = lihonggui;
				TargetAttributes = {
					E48859891DD984EF00811344 = {
						CreatedOnToolsVersion = 8.1;
						DevelopmentTeam = LXU7268T7F;
						ProvisioningStyle = Automatic;
					};
					E48859A21DD984EF00811344 = {
						CreatedOnToolsVersion = 8.1;
						DevelopmentTeam = LXU7268T7F;
						ProvisioningStyle = Automatic;
						TestTargetID = E48859891DD984EF00811344;
					};
					E48859AD1DD984EF00811344 = {
						CreatedOnToolsVersion = 8.1;
						DevelopmentTeam = LXU7268T7F;
						ProvisioningStyle = Automatic;
						TestTargetID = E48859891DD984EF00811344;
					};
				};
			};
			buildConfigurationList = E48859851DD984EE00811344 /* Build configuration list for PBXProject "流水相册" */;
			compatibilityVersion = "Xcode 3.2";
			developmentRegion = English;
			hasScannedForEncodings = 0;
			knownRegions = (
				en,
				Base,
			);
			mainGroup = E48859811DD984EE00811344;
			productRefGroup = E488598B1DD984EF00811344 /* Products */;
			projectDirPath = "";
			projectRoot = "";
			targets = (
				E48859891DD984EF00811344 /* 流水相册 */,
				E48859A21DD984EF00811344 /* 流水相册Tests */,
				E48859AD1DD984EF00811344 /* 流水相册UITests */,
			);
		};
/* End PBXProject section */

/* Begin PBXResourcesBuildPhase section */
		E48859881DD984EF00811344 /* Resources */ = {
			isa = PBXResourcesBuildPhase;
			buildActionMask = 2147483647;
			files = (
				E488599D1DD984EF00811344 /* LaunchScreen.storyboard in Resources */,
				E488599A1DD984EF00811344 /* Assets.xcassets in Resources */,
				E48859981DD984EF00811344 /* Main.storyboard in Resources */,
			);
			runOnlyForDeploymentPostprocessing = 0;
		};
		E48859A11DD984EF00811344 /* Resources */ = {
			isa = PBXResourcesBuildPhase;
			buildActionMask = 2147483647;
			files = (
			);
			runOnlyForDeploymentPostprocessing = 0;
		};
		E48859AC1DD984EF00811344 /* Resources */ = {
			isa = PBXResourcesBuildPhase;
			buildActionMask = 2147483647;
			files = (
			);
			runOnlyForDeploymentPostprocessing = 0;
		};
/* End PBXResourcesBuildPhase section */

/* Begin PBXSourcesBuildPhase section */
		E48859861DD984EF00811344 /* Sources */ = {
			isa = PBXSourcesBuildPhase;
			buildActionMask = 2147483647;
			files = (
				E48859951DD984EF00811344 /* ViewController.m in Sources */,
				E48859921DD984EF00811344 /* AppDelegate.m in Sources */,
				E48859C51DD99E6A00811344 /* FlowLayout.m in Sources */,
				E488598F1DD984EF00811344 /* main.m in Sources */,
				E48859C21DD9861E00811344 /* ImageCollectionCell.m in Sources */,
			);
			runOnlyForDeploymentPostprocessing = 0;
		};
		E488599F1DD984EF00811344 /* Sources */ = {
			isa = PBXSourcesBuildPhase;
			buildActionMask = 2147483647;
			files = (
				E48859A81DD984EF00811344 /* ____Tests.m in Sources */,
			);
			runOnlyForDeploymentPostprocessing = 0;
		};
		E48859AA1DD984EF00811344 /* Sources */ = {
			isa = PBXSourcesBuildPhase;
			buildActionMask = 2147483647;
			files = (
				E48859B31DD984EF00811344 /* ____UITests.m in Sources */,
			);
			runOnlyForDeploymentPostprocessing = 0;
		};
/* End PBXSourcesBuildPhase section */

/* Begin PBXTargetDependency section */
		E48859A51DD984EF00811344 /* PBXTargetDependency */ = {
			isa = PBXTargetDependency;
			target = E48859891DD984EF00811344 /* 流水相册 */;
			targetProxy = E48859A41DD984EF00811344 /* PBXContainerItemProxy */;
		};
		E48859B01DD984EF00811344 /* PBXTargetDependency */ = {
			isa = PBXTargetDependency;
			target = E48859891DD984EF00811344 /* 流水相册 */;
			targetProxy = E48859AF1DD984EF00811344 /* PBXContainerItemProxy */;
		};
/* End PBXTargetDependency section */

/* Begin PBXVariantGroup section */
		E48859961DD984EF00811344 /* Main.storyboard */ = {
			isa = PBXVariantGroup;
			children = (
				E48859971DD984EF00811344 /* Base */,
			);
			name = Main.storyboard;
			sourceTree = "<group>";
		};
		E488599B1DD984EF00811344 /* LaunchScreen.storyboard */ = {
			isa = PBXVariantGroup;
			children = (
				E488599C1DD984EF00811344 /* Base */,
			);
			name = LaunchScreen.storyboard;
			sourceTree = "<group>";
		};
/* End PBXVariantGroup section */

/* Begin XCBuildConfiguration section */
		E48859B51DD984EF00811344 /* Debug */ = {
			isa = XCBuildConfiguration;
			buildSettings = {
				ALWAYS_SEARCH_USER_PATHS = NO;
				CLANG_ANALYZER_NONNULL = YES;
				CLANG_CXX_LANGUAGE_STANDARD = "gnu++0x";
				CLANG_CXX_LIBRARY = "libc++";
				CLANG_ENABLE_MODULES = YES;
				CLANG_ENABLE_OBJC_ARC = YES;
				CLANG_WARN_BOOL_CONVERSION = YES;
				CLANG_WARN_CONSTANT_CONVERSION = YES;
				CLANG_WARN_DIRECT_OBJC_ISA_USAGE = YES_ERROR;
				CLANG_WARN_DOCUMENTATION_COMMENTS = YES;
				CLANG_WARN_EMPTY_BODY = YES;
				CLANG_WARN_ENUM_CONVERSION = YES;
				CLANG_WARN_INFINITE_RECURSION = YES;
				CLANG_WARN_INT_CONVERSION = YES;
				CLANG_WARN_OBJC_ROOT_CLASS = YES_ERROR;
				CLANG_WARN_SUSPICIOUS_MOVES = YES;
				CLANG_WARN_UNREACHABLE_CODE = YES;
				CLANG_WARN__DUPLICATE_METHOD_MATCH = YES;
				"CODE_SIGN_IDENTITY[sdk=iphoneos*]" = "iPhone Developer";
				COPY_PHASE_STRIP = NO;
				DEBUG_INFORMATION_FORMAT = dwarf;
				ENABLE_STRICT_OBJC_MSGSEND = YES;
				ENABLE_TESTABILITY = YES;
				GCC_C_LANGUAGE_STANDARD = gnu99;
				GCC_DYNAMIC_NO_PIC = NO;
				GCC_NO_COMMON_BLOCKS = YES;
				GCC_OPTIMIZATION_LEVEL = 0;
				GCC_PREPROCESSOR_DEFINITIONS = (
					"DEBUG=1",
					"$(inherited)",
				);
				GCC_WARN_64_TO_32_BIT_CONVERSION = YES;
				GCC_WARN_ABOUT_RETURN_TYPE = YES_ERROR;
				GCC_WARN_UNDECLARED_SELECTOR = YES;
				GCC_WARN_UNINITIALIZED_AUTOS = YES_AGGRESSIVE;
				GCC_WARN_UNUSED_FUNCTION = YES;
				GCC_WARN_UNUSED_VARIABLE = YES;
				IPHONEOS_DEPLOYMENT_TARGET = 10.1;
				MTL_ENABLE_DEBUG_INFO = YES;
				ONLY_ACTIVE_ARCH = YES;
				SDKROOT = iphoneos;
			};
			name = Debug;
		};
		E48859B61DD984EF00811344 /* Release */ = {
			isa = XCBuildConfiguration;
			buildSettings = {
				ALWAYS_SEARCH_USER_PATHS = NO;
				CLANG_ANALYZER_NONNULL = YES;
				CLANG_CXX_LANGUAGE_STANDARD = "gnu++0x";
				CLANG_CXX_LIBRARY = "libc++";
				CLANG_ENABLE_MODULES = YES;
				CLANG_ENABLE_OBJC_ARC = YES;
				CLANG_WARN_BOOL_CONVERSION = YES;
				CLANG_WARN_CONSTANT_CONVERSION = YES;
				CLANG_WARN_DIRECT_OBJC_ISA_USAGE = YES_ERROR;
				CLANG_WARN_DOCUMENTATION_COMMENTS = YES;
				CLANG_WARN_EMPTY_BODY = YES;
				CLANG_WARN_ENUM_CONVERSION = YES;
				CLANG_WARN_INFINITE_RECURSION = YES;
				CLANG_WARN_INT_CONVERSION = YES;
				CLANG_WARN_OBJC_ROOT_CLASS = YES_ERROR;
				CLANG_WARN_SUSPICIOUS_MOVES = YES;
				CLANG_WARN_UNREACHABLE_CODE = YES;
				CLANG_WARN__DUPLICATE_METHOD_MATCH = YES;
				"CODE_SIGN_IDENTITY[sdk=iphoneos*]" = "iPhone Developer";
				COPY_PHASE_STRIP = NO;
				DEBUG_INFORMATION_FORMAT = "dwarf-with-dsym";
				ENABLE_NS_ASSERTIONS = NO;
				ENABLE_STRICT_OBJC_MSGSEND = YES;
				GCC_C_LANGUAGE_STANDARD = gnu99;
				GCC_NO_COMMON_BLOCKS = YES;
				GCC_WARN_64_TO_32_BIT_CONVERSION = YES;
				GCC_WARN_ABOUT_RETURN_TYPE = YES_ERROR;
				GCC_WARN_UNDECLARED_SELECTOR = YES;
				GCC_WARN_UNINITIALIZED_AUTOS = YES_AGGRESSIVE;
				GCC_WARN_UNUSED_FUNCTION = YES;
				GCC_WARN_UNUSED_VARIABLE = YES;
				IPHONEOS_DEPLOYMENT_TARGET = 10.1;
				MTL_ENABLE_DEBUG_INFO = NO;
				SDKROOT = iphoneos;
				VALIDATE_PRODUCT = YES;
			};
			name = Release;
		};
		E48859B81DD984EF00811344 /* Debug */ = {
			isa = XCBuildConfiguration;
			buildSettings = {
				ASSETCATALOG_COMPILER_APPICON_NAME = AppIcon;
				DEVELOPMENT_TEAM = LXU7268T7F;
				INFOPLIST_FILE = "流水相册/Info.plist";
				IPHONEOS_DEPLOYMENT_TARGET = 8.0;
				LD_RUNPATH_SEARCH_PATHS = "$(inherited) @executable_path/Frameworks";
				PRODUCT_BUNDLE_IDENTIFIER = "lihonggui1988.----";
				PRODUCT_NAME = "$(TARGET_NAME)";
			};
			name = Debug;
		};
		E48859B91DD984EF00811344 /* Release */ = {
			isa = XCBuildConfiguration;
			buildSettings = {
				ASSETCATALOG_COMPILER_APPICON_NAME = AppIcon;
				DEVELOPMENT_TEAM = LXU7268T7F;
				INFOPLIST_FILE = "流水相册/Info.plist";
				IPHONEOS_DEPLOYMENT_TARGET = 8.0;
				LD_RUNPATH_SEARCH_PATHS = "$(inherited) @executable_path/Frameworks";
				PRODUCT_BUNDLE_IDENTIFIER = "lihonggui1988.----";
				PRODUCT_NAME = "$(TARGET_NAME)";
			};
			name = Release;
		};
		E48859BB1DD984EF00811344 /* Debug */ = {
			isa = XCBuildConfiguration;
			buildSettings = {
				BUNDLE_LOADER = "$(TEST_HOST)";
				DEVELOPMENT_TEAM = LXU7268T7F;
				INFOPLIST_FILE = "流水相册Tests/Info.plist";
				LD_RUNPATH_SEARCH_PATHS = "$(inherited) @executable_path/Frameworks @loader_path/Frameworks";
				PRODUCT_BUNDLE_IDENTIFIER = "lihonggui1988.----Tests";
				PRODUCT_NAME = "$(TARGET_NAME)";
				TEST_HOST = "$(BUILT_PRODUCTS_DIR)/流水相册.app/流水相册";
			};
			name = Debug;
		};
		E48859BC1DD984EF00811344 /* Release */ = {
			isa = XCBuildConfiguration;
			buildSettings = {
				BUNDLE_LOADER = "$(TEST_HOST)";
				DEVELOPMENT_TEAM = LXU7268T7F;
				INFOPLIST_FILE = "流水相册Tests/Info.plist";
				LD_RUNPATH_SEARCH_PATHS = "$(inherited) @executable_path/Frameworks @loader_path/Frameworks";
				PRODUCT_BUNDLE_IDENTIFIER = "lihonggui1988.----Tests";
				PRODUCT_NAME = "$(TARGET_NAME)";
				TEST_HOST = "$(BUILT_PRODUCTS_DIR)/流水相册.app/流水相册";
			};
			name = Release;
		};
		E48859BE1DD984EF00811344 /* Debug */ = {
			isa = XCBuildConfiguration;
			buildSettings = {
				DEVELOPMENT_TEAM = LXU7268T7F;
				INFOPLIST_FILE = "流水相册UITests/Info.plist";
				LD_RUNPATH_SEARCH_PATHS = "$(inherited) @executable_path/Frameworks @loader_path/Frameworks";
				PRODUCT_BUNDLE_IDENTIFIER = "lihonggui1988.----UITests";
				PRODUCT_NAME = "$(TARGET_NAME)";
				TEST_TARGET_NAME = "流水相册";
			};
			name = Debug;
		};
		E48859BF1DD984EF00811344 /* Release */ = {
			isa = XCBuildConfiguration;
			buildSettings = {
				DEVELOPMENT_TEAM = LXU7268T7F;
				INFOPLIST_FILE = "流水相册UITests/Info.plist";
				LD_RUNPATH_SEARCH_PATHS = "$(inherited) @executable_path/Frameworks @loader_path/Frameworks";
				PRODUCT_BUNDLE_IDENTIFIER = "lihonggui1988.----UITests";
				PRODUCT_NAME = "$(TARGET_NAME)";
				TEST_TARGET_NAME = "流水相册";
			};
			name = Release;
		};
/* End XCBuildConfiguration section */

/* Begin XCConfigurationList section */
		E48859851DD984EE00811344 /* Build configuration list for PBXProject "流水相册" */ = {
			isa = XCConfigurationList;
			buildConfigurations = (
				E48859B51DD984EF00811344 /* Debug */,
				E48859B61DD984EF00811344 /* Release */,
			);
			defaultConfigurationIsVisible = 0;
			defaultConfigurationName = Release;
		};
		E48859B71DD984EF00811344 /* Build configuration list for PBXNativeTarget "流水相册" */ = {
			isa = XCConfigurationList;
			buildConfigurations = (
				E48859B81DD984EF00811344 /* Debug */,
				E48859B91DD984EF00811344 /* Release */,
			);
			defaultConfigurationIsVisible = 0;
		};
		E48859BA1DD984EF00811344 /* Build configuration list for PBXNativeTarget "流水相册Tests" */ = {
			isa = XCConfigurationList;
			buildConfigurations = (
				E48859BB1DD984EF00811344 /* Debug */,
				E48859BC1DD984EF00811344 /* Release */,
			);
			defaultConfigurationIsVisible = 0;
		};
		E48859BD1DD984EF00811344 /* Build configuration list for PBXNativeTarget "流水相册UITests" */ = {
			isa = XCConfigurationList;
			buildConfigurations = (
				E48859BE1DD984EF00811344 /* Debug */,
				E48859BF1DD984EF00811344 /* Release */,
			);
			defaultConfigurationIsVisible = 0;
		};
/* End XCConfigurationList section */
	};
	rootObject = E48859821DD984EE00811344 /* Project object */;
}
